
Microsoft Visual Studio Solution File, Format Version 12.00
# Visual Studio Version 17
VisualStudioVersion = 17.2.32630.192
MinimumVisualStudioVersion = 10.0.40219.1
Project("{FAE04EC0-301F-11D3-BF4B-00C04F79EFBC}") = "MyNotesApp", "MyNotesApp\MyNotesApp.csproj", "{1B2EBF80-CDC5-4515-8516-5840864C0C2B}"
EndProject
Global
	GlobalSection(SolutionConfigurationPlatforms) = preSolution
		Debug|Any CPU = Debug|Any CPU
		Release|Any CPU = Release|Any CPU
	EndGlobalSection
	GlobalSection(ProjectConfigurationPlatforms) = postSolution
		{1B2EBF80-CDC5-4515-8516-5840864C0C2B}.Debug|Any CPU.ActiveCfg = Debug|Any CPU
		{1B2EBF80-CDC5-4515-8516-5840864C0C2B}.Debug|Any CPU.Build.0 = Debug|Any CPU
		{1B2EBF80-CDC5-4515-8516-5840864C0C2B}.Release|Any CPU.ActiveCfg = Release|Any CPU
		{1B2EBF80-CDC5-4515-8516-5840864C0C2B}.Release|Any CPU.Build.0 = Release|Any CPU
	EndGlobalSection
	GlobalSection(SolutionProperties) = preSolution
		HideSolutionNode = FALSE
	EndGlobalSection
	GlobalSection(ExtensibilityGlobals) = postSolution
		SolutionGuid = {CB4405B9-2700-4A3B-9EF2-04176B6D49D6}
	EndGlobalSection
EndGlobal
